Microsoft Visual Studio Solution File, Format Version 12.00
# Visual Studio Version 17
VisualStudioVersion = 17.5.2.0
MinimumVisualStudioVersion = 10.0.40219.1
Project("{FAE04EC0-301F-11D3-BF4B-00C04F79EFBC}") = "FitnessChallenge", "FitnessChallenge.csproj", "{661EFA6C-1795-5E44-F3E4-56D29BC5730C}"
EndProject
Global
	GlobalSection(SolutionConfigurationPlatforms) = preSolution
		Debug|Any CPU = Debug|Any CPU
		Release|Any CPU = Release|Any CPU
	EndGlobalSection
	GlobalSection(ProjectConfigurationPlatforms) = postSolution
		{661EFA6C-1795-5E44-F3E4-56D29BC5730C}.Debug|Any CPU.ActiveCfg = Debug|Any CPU
		{661EFA6C-1795-5E44-F3E4-56D29BC5730C}.Debug|Any CPU.Build.0 = Debug|Any CPU
		{661EFA6C-1795-5E44-F3E4-56D29BC5730C}.Release|Any CPU.ActiveCfg = Release|Any CPU
		{661EFA6C-1795-5E44-F3E4-56D29BC5730C}.Release|Any CPU.Build.0 = Release|Any CPU
	EndGlobalSection
	GlobalSection(SolutionProperties) = preSolution
		HideSolutionNode = FALSE
	EndGlobalSection
	GlobalSection(ExtensibilityGlobals) = postSolution
		SolutionGuid = {D6459A91-8CFA-41CF-962D-B3FE4027B5ED}
	EndGlobalSection
EndGlobal
